
Microsoft Visual Studio Solution File, Format Version 12.00
# Visual Studio 15
Project("{FAE04EC0-301F-11D3-BF4B-00C04F79EFBC}") = "Assembly-CSharp", "Assembly-CSharp.csproj", "{00260065-47CB-84F8-25EB-6CB8AE41DE83}"
EndProject
Project("{FAE04EC0-301F-11D3-BF4B-00C04F79EFBC}") = "Assembly-CSharp-firstpass", "Assembly-CSharp-firstpass.csproj", "{D7233EB8-C8FD-0953-EF4A-580CC94C9C8E}"
EndProject
Project("{FAE04EC0-301F-11D3-BF4B-00C04F79EFBC}") = "Assembly-CSharp-Editor-firstpass", "Assembly-CSharp-Editor-firstpass.csproj", "{E83AFEE4-3282-BD5B-5A0B-177CCE2E6CBE}"
EndProject
Project("{FAE04EC0-301F-11D3-BF4B-00C04F79EFBC}") = "Assembly-CSharp-Editor", "Assembly-CSharp-Editor.csproj", "{EBF7D007-2B59-5710-8572-FE5679ED525F}"
EndProject
Global
	GlobalSection(SolutionConfigurationPlatforms) = preSolution
		Debug|Any CPU = Debug|Any CPU
		Release|Any CPU = Release|Any CPU
	EndGlobalSection
	GlobalSection(ProjectConfigurationPlatforms) = postSolution
		{00260065-47CB-84F8-25EB-6CB8AE41DE83}.Debug|Any CPU.ActiveCfg = Debug|Any CPU
		{00260065-47CB-84F8-25EB-6CB8AE41DE83}.Debug|Any CPU.Build.0 = Debug|Any CPU
		{00260065-47CB-84F8-25EB-6CB8AE41DE83}.Release|Any CPU.ActiveCfg = Release|Any CPU
		{00260065-47CB-84F8-25EB-6CB8AE41DE83}.Release|Any CPU.Build.0 = Release|Any CPU
		{D7233EB8-C8FD-0953-EF4A-580CC94C9C8E}.Debug|Any CPU.ActiveCfg = Debug|Any CPU
		{D7233EB8-C8FD-0953-EF4A-580CC94C9C8E}.Debug|Any CPU.Build.0 = Debug|Any CPU
		{D7233EB8-C8FD-0953-EF4A-580CC94C9C8E}.Release|Any CPU.ActiveCfg = Release|Any CPU
		{D7233EB8-C8FD-0953-EF4A-580CC94C9C8E}.Release|Any CPU.Build.0 = Release|Any CPU
		{E83AFEE4-3282-BD5B-5A0B-177CCE2E6CBE}.Debug|Any CPU.ActiveCfg = Debug|Any CPU
		{E83AFEE4-3282-BD5B-5A0B-177CCE2E6CBE}.Debug|Any CPU.Build.0 = Debug|Any CPU
		{E83AFEE4-3282-BD5B-5A0B-177CCE2E6CBE}.Release|Any CPU.ActiveCfg = Release|Any CPU
		{E83AFEE4-3282-BD5B-5A0B-177CCE2E6CBE}.Release|Any CPU.Build.0 = Release|Any CPU
		{EBF7D007-2B59-5710-8572-FE5679ED525F}.Debug|Any CPU.ActiveCfg = Debug|Any CPU
		{EBF7D007-2B59-5710-8572-FE5679ED525F}.Debug|Any CPU.Build.0 = Debug|Any CPU
		{EBF7D007-2B59-5710-8572-FE5679ED525F}.Release|Any CPU.ActiveCfg = Release|Any CPU
		{EBF7D007-2B59-5710-8572-FE5679ED525F}.Release|Any CPU.Build.0 = Release|Any CPU
	EndGlobalSection
	GlobalSection(SolutionProperties) = preSolution
		HideSolutionNode = FALSE
	EndGlobalSection
	GlobalSection(MonoDevelopProperties) = preSolution
		StartupItem = Assembly-CSharp.csproj
	EndGlobalSection
EndGlobal
